{
  "name": "brrrrepo",
  "lockfileVersion": 2,
  "requires": true,
  "packages": {
    "": {
      "dependencies": {
        "vue-step-progress": "^0.3.8"
      }
    },
    "node_modules/vue": {
      "version": "2.6.14",
      "resolved": "https://registry.npmjs.org/vue/-/vue-2.6.14.tgz",
      "integrity": "sha512-x2284lgYvjOMj3Za7kqzRcUSxBboHqtgRE2zlos1qWaOye5yUmHn42LB1250NJBLRwEcdrB0JRwyPTEPhfQjiQ==",
      "peer": true
    },
    "node_modules/vue-step-progress": {
      "version": "0.3.8",
      "resolved": "https://registry.npmjs.org/vue-step-progress/-/vue-step-progress-0.3.8.tgz",
      "integrity": "sha512-14BDd8f+cq5dUIYdGbwSzOg4aMX4nKtHba4L1rwYzgV54AD75bCdux1uCvxfyQVm4bG/MNQdnoNPB3LJnzZ9Fw==",
      "peerDependencies": {
        "vue": "2.x"
      }
    }
  },
  "dependencies": {
    "vue": {
      "version": "2.6.14",
      "resolved": "https://registry.npmjs.org/vue/-/vue-2.6.14.tgz",
      "integrity": "sha512-x2284lgYvjOMj3Za7kqzRcUSxBboHqtgRE2zlos1qWaOye5yUmHn42LB1250NJBLRwEcdrB0JRwyPTEPhfQjiQ==",
      "peer": true
    },
    "vue-step-progress": {
      "version": "0.3.8",
      "resolved": "https://registry.npmjs.org/vue-step-progress/-/vue-step-progress-0.3.8.tgz",
      "integrity": "sha512-14BDd8f+cq5dUIYdGbwSzOg4aMX4nKtHba4L1rwYzgV54AD75bCdux1uCvxfyQVm4bG/MNQdnoNPB3LJnzZ9Fw==",
      "requires": {}
    }
  }
}
